
Microsoft Visual Studio Solution File, Format Version 12.00
# Visual Studio Version 16
VisualStudioVersion = 16.0.31321.278
MinimumVisualStudioVersion = 10.0.40219.1
Project("{FAE04EC0-301F-11D3-BF4B-00C04F79EFBC}") = "UnitTestProject1", "UnitTestProject1\UnitTestProject1.csproj", "{3CCDE89C-B4D2-472A-880F-81BA718DE220}"
EndProject
Global
	GlobalSection(SolutionConfigurationPlatforms) = preSolution
		Debug|Any CPU = Debug|Any CPU
		Release|Any CPU = Release|Any CPU
	EndGlobalSection
	GlobalSection(ProjectConfigurationPlatforms) = postSolution
		{3CCDE89C-B4D2-472A-880F-81BA718DE220}.Debug|Any CPU.ActiveCfg = Debug|Any CPU
		{3CCDE89C-B4D2-472A-880F-81BA718DE220}.Debug|Any CPU.Build.0 = Debug|Any CPU
		{3CCDE89C-B4D2-472A-880F-81BA718DE220}.Release|Any CPU.ActiveCfg = Release|Any CPU
		{3CCDE89C-B4D2-472A-880F-81BA718DE220}.Release|Any CPU.Build.0 = Release|Any CPU
	EndGlobalSection
	GlobalSection(SolutionProperties) = preSolution
		HideSolutionNode = FALSE
	EndGlobalSection
	GlobalSection(ExtensibilityGlobals) = postSolution
		SolutionGuid = {36379C9A-80B8-4206-81DA-2CC4EF061F8A}
	EndGlobalSection
EndGlobal
